
Microsoft Visual Studio Solution File, Format Version 12.00
Project("{2150E333-8FDC-42A3-9474-1A3956D46DE8}") = "test", "test", "{F810EA37-C842-4F41-9A3B-8AFCB594AC9A}"
EndProject
Project("{2150E333-8FDC-42A3-9474-1A3956D46DE8}") = "src", "src", "{99A308BE-5D05-4F30-95E0-557DA038866A}"
EndProject
Project("{2150E333-8FDC-42A3-9474-1A3956D46DE8}") = "Modules", "Modules", "{B8B417A8-9EC1-49C2-8E53-015431003052}"
EndProject
Project("{2150E333-8FDC-42A3-9474-1A3956D46DE8}") = "docs", "docs", "{FAC26379-09EB-4911-A2B0-D69C87C7CBD9}"
	ProjectSection(SolutionItems) = preProject
		readme.md = readme.md
	EndProjectSection
EndProject
Project("{2150E333-8FDC-42A3-9474-1A3956D46DE8}") = "Modules", "Modules", "{DC4A49D7-CFBB-4BEE-9816-A87E2C822C81}"
EndProject
Project("{FAE04EC0-301F-11D3-BF4B-00C04F79EFBC}") = "Cloudot.Migrator", "src\Cloudot.Migrator\Cloudot.Migrator.csproj", "{D2AD20F8-4A46-4B67-A74E-3AAE4858A6E3}"
EndProject
Project("{FAE04EC0-301F-11D3-BF4B-00C04F79EFBC}") = "Cloudot.WebAPI", "src\Cloudot.WebAPI\Cloudot.WebAPI.csproj", "{D2A51A67-552B-4B6D-B0A7-8D6BD185BD8B}"
EndProject
Project("{FAE04EC0-301F-11D3-BF4B-00C04F79EFBC}") = "Cloudot.Shared", "src\Cloudot.Shared\Cloudot.Shared.csproj", "{8E13BE80-7A8D-49AA-8FD3-20452A3934B6}"
EndProject
Project("{FAE04EC0-301F-11D3-BF4B-00C04F79EFBC}") = "Cloudot.Core", "src\Cloudot.Core\Cloudot.Core.csproj", "{2F7133B1-FA2E-40B8-99C5-1FBCE17B8B79}"
EndProject
Project("{2150E333-8FDC-42A3-9474-1A3956D46DE8}") = "Procurement", "Procurement", "{D012B0CF-5A7A-4511-89DE-CE6D7655B8D7}"
EndProject
Project("{FAE04EC0-301F-11D3-BF4B-00C04F79EFBC}") = "Cloudot.Module.Procurement.Domain", "src\Modules\Procurement\Cloudot.Module.Procurement.Domain\Cloudot.Module.Procurement.Domain.csproj", "{70F5B93B-127C-4697-8515-75822089ED0E}"
EndProject
Project("{FAE04EC0-301F-11D3-BF4B-00C04F79EFBC}") = "Cloudot.Module.Procurement.Application", "src\Modules\Procurement\Cloudot.Module.Procurement.Application\Cloudot.Module.Procurement.Application.csproj", "{3C094A54-7CE7-44B1-86CF-F4317A905E2D}"
EndProject
Project("{FAE04EC0-301F-11D3-BF4B-00C04F79EFBC}") = "Cloudot.Module.Procurement.Infrastructure", "src\Modules\Procurement\Cloudot.Module.Procurement.Infrastructure\Cloudot.Module.Procurement.Infrastructure.csproj", "{2515B638-6AD5-48B9-BF97-01ED79B252EA}"
EndProject
Project("{FAE04EC0-301F-11D3-BF4B-00C04F79EFBC}") = "Cloudot.Module.Procurement.Shared", "src\Modules\Procurement\Cloudot.Module.Procurement.Shared\Cloudot.Module.Procurement.Shared.csproj", "{80665F0E-6411-4E2B-91CB-8DE3A1609998}"
EndProject
Project("{FAE04EC0-301F-11D3-BF4B-00C04F79EFBC}") = "Cloudot.Module.Procurement.Tests", "test\Modules\Cloudot.Module.Procurement.Tests\Cloudot.Module.Procurement.Tests.csproj", "{66A428C5-AA0B-4B14-9D6F-1EFC453D964C}"
EndProject
Project("{2150E333-8FDC-42A3-9474-1A3956D46DE8}") = "Management", "Management", "{00B8EE5C-E2AD-4E77-BB8B-25E862561F89}"
EndProject
Project("{FAE04EC0-301F-11D3-BF4B-00C04F79EFBC}") = "Cloudot.Module.Management.Domain", "src\Modules\Management\Cloudot.Module.Management.Domain\Cloudot.Module.Management.Domain.csproj", "{95E5B953-5E47-4A22-9F53-50872969A403}"
EndProject
Project("{FAE04EC0-301F-11D3-BF4B-00C04F79EFBC}") = "Cloudot.Module.Management.Application", "src\Modules\Management\Cloudot.Module.Management.Application\Cloudot.Module.Management.Application.csproj", "{F40BCB14-DD68-4EB9-AF22-27E42E899C4D}"
EndProject
Project("{FAE04EC0-301F-11D3-BF4B-00C04F79EFBC}") = "Cloudot.Module.Management.Infrastructure", "src\Modules\Management\Cloudot.Module.Management.Infrastructure\Cloudot.Module.Management.Infrastructure.csproj", "{92A2C27F-E52C-4F3C-B902-4D28A59B21C5}"
EndProject
Project("{FAE04EC0-301F-11D3-BF4B-00C04F79EFBC}") = "Cloudot.Module.Management.Shared", "src\Modules\Management\Cloudot.Module.Management.Shared\Cloudot.Module.Management.Shared.csproj", "{B1A15158-DAE8-4106-892B-AE735E82386F}"
EndProject
Project("{FAE04EC0-301F-11D3-BF4B-00C04F79EFBC}") = "Cloudot.Infrastructure.Redis", "src\Cloudot.Infrastructure.Redis\Cloudot.Infrastructure.Redis.csproj", "{0C894D26-1B3E-4EF5-BF72-69BFE950DF3B}"
EndProject
Project("{FAE04EC0-301F-11D3-BF4B-00C04F79EFBC}") = "Cloudot.Infrastructure.RabbitMQ", "src\Cloudot.Infrastructure.RabbitMQ\Cloudot.Infrastructure.RabbitMQ.csproj", "{05111862-085A-4177-8F99-AF73E6E066E7}"
EndProject
Project("{FAE04EC0-301F-11D3-BF4B-00C04F79EFBC}") = "Cloudot.Shared.EntityFramework", "src\Cloudot.Shared.EntityFramework\Cloudot.Shared.EntityFramework.csproj", "{CC84E6B1-2D60-4CA8-932A-9D2EB3532E83}"
EndProject
Project("{FAE04EC0-301F-11D3-BF4B-00C04F79EFBC}") = "Cloudot.Infrastructure.Auth", "src\Cloudot.Infrastructure.Auth\Cloudot.Infrastructure.Auth.csproj", "{6AD3657F-57E9-4DD7-A909-B84A83559641}"
EndProject
Project("{FAE04EC0-301F-11D3-BF4B-00C04F79EFBC}") = "Cloudot.Infrastructure.Messaging", "src\Cloudot.Infrastructure.Messaging\Cloudot.Infrastructure.Messaging.csproj", "{9D5F4554-DB52-4D94-9C87-00AEB222070F}"
EndProject
Project("{FAE04EC0-301F-11D3-BF4B-00C04F79EFBC}") = "Cloudot.Module.Management.Tests", "test\Cloudot.Module.Management.Tests\Cloudot.Module.Management.Tests.csproj", "{F595031F-37B8-49AC-8D2E-E114A4ACB09D}"
EndProject
Project("{FAE04EC0-301F-11D3-BF4B-00C04F79EFBC}") = "Cloudot.Infrastructure.Database", "src\Cloudot.Infrastructure.Database\Cloudot.Infrastructure.Database.csproj", "{4BC3B158-5CF3-4BFF-BF1B-F57B54879FBF}"
EndProject
Global
	GlobalSection(SolutionConfigurationPlatforms) = preSolution
		Debug|Any CPU = Debug|Any CPU
		Release|Any CPU = Release|Any CPU
	EndGlobalSection
	GlobalSection(NestedProjects) = preSolution
		{B8B417A8-9EC1-49C2-8E53-015431003052} = {99A308BE-5D05-4F30-95E0-557DA038866A}
		{DC4A49D7-CFBB-4BEE-9816-A87E2C822C81} = {F810EA37-C842-4F41-9A3B-8AFCB594AC9A}
		{D2AD20F8-4A46-4B67-A74E-3AAE4858A6E3} = {99A308BE-5D05-4F30-95E0-557DA038866A}
		{D2A51A67-552B-4B6D-B0A7-8D6BD185BD8B} = {99A308BE-5D05-4F30-95E0-557DA038866A}
		{8E13BE80-7A8D-49AA-8FD3-20452A3934B6} = {99A308BE-5D05-4F30-95E0-557DA038866A}
		{2F7133B1-FA2E-40B8-99C5-1FBCE17B8B79} = {99A308BE-5D05-4F30-95E0-557DA038866A}
		{D012B0CF-5A7A-4511-89DE-CE6D7655B8D7} = {B8B417A8-9EC1-49C2-8E53-015431003052}
		{70F5B93B-127C-4697-8515-75822089ED0E} = {D012B0CF-5A7A-4511-89DE-CE6D7655B8D7}
		{3C094A54-7CE7-44B1-86CF-F4317A905E2D} = {D012B0CF-5A7A-4511-89DE-CE6D7655B8D7}
		{2515B638-6AD5-48B9-BF97-01ED79B252EA} = {D012B0CF-5A7A-4511-89DE-CE6D7655B8D7}
		{80665F0E-6411-4E2B-91CB-8DE3A1609998} = {D012B0CF-5A7A-4511-89DE-CE6D7655B8D7}
		{66A428C5-AA0B-4B14-9D6F-1EFC453D964C} = {DC4A49D7-CFBB-4BEE-9816-A87E2C822C81}
		{00B8EE5C-E2AD-4E77-BB8B-25E862561F89} = {B8B417A8-9EC1-49C2-8E53-015431003052}
		{95E5B953-5E47-4A22-9F53-50872969A403} = {00B8EE5C-E2AD-4E77-BB8B-25E862561F89}
		{F40BCB14-DD68-4EB9-AF22-27E42E899C4D} = {00B8EE5C-E2AD-4E77-BB8B-25E862561F89}
		{92A2C27F-E52C-4F3C-B902-4D28A59B21C5} = {00B8EE5C-E2AD-4E77-BB8B-25E862561F89}
		{B1A15158-DAE8-4106-892B-AE735E82386F} = {00B8EE5C-E2AD-4E77-BB8B-25E862561F89}
		{0C894D26-1B3E-4EF5-BF72-69BFE950DF3B} = {99A308BE-5D05-4F30-95E0-557DA038866A}
		{05111862-085A-4177-8F99-AF73E6E066E7} = {99A308BE-5D05-4F30-95E0-557DA038866A}
		{CC84E6B1-2D60-4CA8-932A-9D2EB3532E83} = {99A308BE-5D05-4F30-95E0-557DA038866A}
		{6AD3657F-57E9-4DD7-A909-B84A83559641} = {99A308BE-5D05-4F30-95E0-557DA038866A}
		{9D5F4554-DB52-4D94-9C87-00AEB222070F} = {99A308BE-5D05-4F30-95E0-557DA038866A}
		{F595031F-37B8-49AC-8D2E-E114A4ACB09D} = {DC4A49D7-CFBB-4BEE-9816-A87E2C822C81}
		{4BC3B158-5CF3-4BFF-BF1B-F57B54879FBF} = {99A308BE-5D05-4F30-95E0-557DA038866A}
	EndGlobalSection
	GlobalSection(ProjectConfigurationPlatforms) = postSolution
		{D2AD20F8-4A46-4B67-A74E-3AAE4858A6E3}.Debug|Any CPU.ActiveCfg = Debug|Any CPU
		{D2AD20F8-4A46-4B67-A74E-3AAE4858A6E3}.Debug|Any CPU.Build.0 = Debug|Any CPU
		{D2AD20F8-4A46-4B67-A74E-3AAE4858A6E3}.Release|Any CPU.ActiveCfg = Release|Any CPU
		{D2AD20F8-4A46-4B67-A74E-3AAE4858A6E3}.Release|Any CPU.Build.0 = Release|Any CPU
		{D2A51A67-552B-4B6D-B0A7-8D6BD185BD8B}.Debug|Any CPU.ActiveCfg = Debug|Any CPU
		{D2A51A67-552B-4B6D-B0A7-8D6BD185BD8B}.Debug|Any CPU.Build.0 = Debug|Any CPU
		{D2A51A67-552B-4B6D-B0A7-8D6BD185BD8B}.Release|Any CPU.ActiveCfg = Release|Any CPU
		{D2A51A67-552B-4B6D-B0A7-8D6BD185BD8B}.Release|Any CPU.Build.0 = Release|Any CPU
		{8E13BE80-7A8D-49AA-8FD3-20452A3934B6}.Debug|Any CPU.ActiveCfg = Debug|Any CPU
		{8E13BE80-7A8D-49AA-8FD3-20452A3934B6}.Debug|Any CPU.Build.0 = Debug|Any CPU
		{8E13BE80-7A8D-49AA-8FD3-20452A3934B6}.Release|Any CPU.ActiveCfg = Release|Any CPU
		{8E13BE80-7A8D-49AA-8FD3-20452A3934B6}.Release|Any CPU.Build.0 = Release|Any CPU
		{2F7133B1-FA2E-40B8-99C5-1FBCE17B8B79}.Debug|Any CPU.ActiveCfg = Debug|Any CPU
		{2F7133B1-FA2E-40B8-99C5-1FBCE17B8B79}.Debug|Any CPU.Build.0 = Debug|Any CPU
		{2F7133B1-FA2E-40B8-99C5-1FBCE17B8B79}.Release|Any CPU.ActiveCfg = Release|Any CPU
		{2F7133B1-FA2E-40B8-99C5-1FBCE17B8B79}.Release|Any CPU.Build.0 = Release|Any CPU
		{70F5B93B-127C-4697-8515-75822089ED0E}.Debug|Any CPU.ActiveCfg = Debug|Any CPU
		{70F5B93B-127C-4697-8515-75822089ED0E}.Debug|Any CPU.Build.0 = Debug|Any CPU
		{70F5B93B-127C-4697-8515-75822089ED0E}.Release|Any CPU.ActiveCfg = Release|Any CPU
		{70F5B93B-127C-4697-8515-75822089ED0E}.Release|Any CPU.Build.0 = Release|Any CPU
		{3C094A54-7CE7-44B1-86CF-F4317A905E2D}.Debug|Any CPU.ActiveCfg = Debug|Any CPU
		{3C094A54-7CE7-44B1-86CF-F4317A905E2D}.Debug|Any CPU.Build.0 = Debug|Any CPU
		{3C094A54-7CE7-44B1-86CF-F4317A905E2D}.Release|Any CPU.ActiveCfg = Release|Any CPU
		{3C094A54-7CE7-44B1-86CF-F4317A905E2D}.Release|Any CPU.Build.0 = Release|Any CPU
		{2515B638-6AD5-48B9-BF97-01ED79B252EA}.Debug|Any CPU.ActiveCfg = Debug|Any CPU
		{2515B638-6AD5-48B9-BF97-01ED79B252EA}.Debug|Any CPU.Build.0 = Debug|Any CPU
		{2515B638-6AD5-48B9-BF97-01ED79B252EA}.Release|Any CPU.ActiveCfg = Release|Any CPU
		{2515B638-6AD5-48B9-BF97-01ED79B252EA}.Release|Any CPU.Build.0 = Release|Any CPU
		{80665F0E-6411-4E2B-91CB-8DE3A1609998}.Debug|Any CPU.ActiveCfg = Debug|Any CPU
		{80665F0E-6411-4E2B-91CB-8DE3A1609998}.Debug|Any CPU.Build.0 = Debug|Any CPU
		{80665F0E-6411-4E2B-91CB-8DE3A1609998}.Release|Any CPU.ActiveCfg = Release|Any CPU
		{80665F0E-6411-4E2B-91CB-8DE3A1609998}.Release|Any CPU.Build.0 = Release|Any CPU
		{66A428C5-AA0B-4B14-9D6F-1EFC453D964C}.Debug|Any CPU.ActiveCfg = Debug|Any CPU
		{66A428C5-AA0B-4B14-9D6F-1EFC453D964C}.Debug|Any CPU.Build.0 = Debug|Any CPU
		{66A428C5-AA0B-4B14-9D6F-1EFC453D964C}.Release|Any CPU.ActiveCfg = Release|Any CPU
		{66A428C5-AA0B-4B14-9D6F-1EFC453D964C}.Release|Any CPU.Build.0 = Release|Any CPU
		{95E5B953-5E47-4A22-9F53-50872969A403}.Debug|Any CPU.ActiveCfg = Debug|Any CPU
		{95E5B953-5E47-4A22-9F53-50872969A403}.Debug|Any CPU.Build.0 = Debug|Any CPU
		{95E5B953-5E47-4A22-9F53-50872969A403}.Release|Any CPU.ActiveCfg = Release|Any CPU
		{95E5B953-5E47-4A22-9F53-50872969A403}.Release|Any CPU.Build.0 = Release|Any CPU
		{F40BCB14-DD68-4EB9-AF22-27E42E899C4D}.Debug|Any CPU.ActiveCfg = Debug|Any CPU
		{F40BCB14-DD68-4EB9-AF22-27E42E899C4D}.Debug|Any CPU.Build.0 = Debug|Any CPU
		{F40BCB14-DD68-4EB9-AF22-27E42E899C4D}.Release|Any CPU.ActiveCfg = Release|Any CPU
		{F40BCB14-DD68-4EB9-AF22-27E42E899C4D}.Release|Any CPU.Build.0 = Release|Any CPU
		{92A2C27F-E52C-4F3C-B902-4D28A59B21C5}.Debug|Any CPU.ActiveCfg = Debug|Any CPU
		{92A2C27F-E52C-4F3C-B902-4D28A59B21C5}.Debug|Any CPU.Build.0 = Debug|Any CPU
		{92A2C27F-E52C-4F3C-B902-4D28A59B21C5}.Release|Any CPU.ActiveCfg = Release|Any CPU
		{92A2C27F-E52C-4F3C-B902-4D28A59B21C5}.Release|Any CPU.Build.0 = Release|Any CPU
		{B1A15158-DAE8-4106-892B-AE735E82386F}.Debug|Any CPU.ActiveCfg = Debug|Any CPU
		{B1A15158-DAE8-4106-892B-AE735E82386F}.Debug|Any CPU.Build.0 = Debug|Any CPU
		{B1A15158-DAE8-4106-892B-AE735E82386F}.Release|Any CPU.ActiveCfg = Release|Any CPU
		{B1A15158-DAE8-4106-892B-AE735E82386F}.Release|Any CPU.Build.0 = Release|Any CPU
		{0C894D26-1B3E-4EF5-BF72-69BFE950DF3B}.Debug|Any CPU.ActiveCfg = Debug|Any CPU
		{0C894D26-1B3E-4EF5-BF72-69BFE950DF3B}.Debug|Any CPU.Build.0 = Debug|Any CPU
		{0C894D26-1B3E-4EF5-BF72-69BFE950DF3B}.Release|Any CPU.ActiveCfg = Release|Any CPU
		{0C894D26-1B3E-4EF5-BF72-69BFE950DF3B}.Release|Any CPU.Build.0 = Release|Any CPU
		{05111862-085A-4177-8F99-AF73E6E066E7}.Debug|Any CPU.ActiveCfg = Debug|Any CPU
		{05111862-085A-4177-8F99-AF73E6E066E7}.Debug|Any CPU.Build.0 = Debug|Any CPU
		{05111862-085A-4177-8F99-AF73E6E066E7}.Release|Any CPU.ActiveCfg = Release|Any CPU
		{05111862-085A-4177-8F99-AF73E6E066E7}.Release|Any CPU.Build.0 = Release|Any CPU
		{CC84E6B1-2D60-4CA8-932A-9D2EB3532E83}.Debug|Any CPU.ActiveCfg = Debug|Any CPU
		{CC84E6B1-2D60-4CA8-932A-9D2EB3532E83}.Debug|Any CPU.Build.0 = Debug|Any CPU
		{CC84E6B1-2D60-4CA8-932A-9D2EB3532E83}.Release|Any CPU.ActiveCfg = Release|Any CPU
		{CC84E6B1-2D60-4CA8-932A-9D2EB3532E83}.Release|Any CPU.Build.0 = Release|Any CPU
		{6AD3657F-57E9-4DD7-A909-B84A83559641}.Debug|Any CPU.ActiveCfg = Debug|Any CPU
		{6AD3657F-57E9-4DD7-A909-B84A83559641}.Debug|Any CPU.Build.0 = Debug|Any CPU
		{6AD3657F-57E9-4DD7-A909-B84A83559641}.Release|Any CPU.ActiveCfg = Release|Any CPU
		{6AD3657F-57E9-4DD7-A909-B84A83559641}.Release|Any CPU.Build.0 = Release|Any CPU
		{9D5F4554-DB52-4D94-9C87-00AEB222070F}.Debug|Any CPU.ActiveCfg = Debug|Any CPU
		{9D5F4554-DB52-4D94-9C87-00AEB222070F}.Debug|Any CPU.Build.0 = Debug|Any CPU
		{9D5F4554-DB52-4D94-9C87-00AEB222070F}.Release|Any CPU.ActiveCfg = Release|Any CPU
		{9D5F4554-DB52-4D94-9C87-00AEB222070F}.Release|Any CPU.Build.0 = Release|Any CPU
		{F595031F-37B8-49AC-8D2E-E114A4ACB09D}.Debug|Any CPU.ActiveCfg = Debug|Any CPU
		{F595031F-37B8-49AC-8D2E-E114A4ACB09D}.Debug|Any CPU.Build.0 = Debug|Any CPU
		{F595031F-37B8-49AC-8D2E-E114A4ACB09D}.Release|Any CPU.ActiveCfg = Release|Any CPU
		{F595031F-37B8-49AC-8D2E-E114A4ACB09D}.Release|Any CPU.Build.0 = Release|Any CPU
		{4BC3B158-5CF3-4BFF-BF1B-F57B54879FBF}.Debug|Any CPU.ActiveCfg = Debug|Any CPU
		{4BC3B158-5CF3-4BFF-BF1B-F57B54879FBF}.Debug|Any CPU.Build.0 = Debug|Any CPU
		{4BC3B158-5CF3-4BFF-BF1B-F57B54879FBF}.Release|Any CPU.ActiveCfg = Release|Any CPU
		{4BC3B158-5CF3-4BFF-BF1B-F57B54879FBF}.Release|Any CPU.Build.0 = Release|Any CPU
	EndGlobalSection
EndGlobal
